PODS:
  - MBCircularProgressBar (0.3.5)
  - Realm (10.14.0):
    - Realm/Headers (= 10.14.0)
  - Realm/Headers (10.14.0)
  - RealmSwift (10.14.0):
    - Realm (= 10.14.0)

DEPENDENCIES:
  - MBCircularProgressBar
  - RealmSwift

SPEC REPOS:
  trunk:
    - MBCircularProgressBar
    - Realm
    - RealmSwift

SPEC CHECKSUMS:
  MBCircularProgressBar: 0b795b722a5eb5b0923822f90474e2576a1a7855
  Realm: 95a120db10fa66d0f1d10bee4ce828177ae00090
  RealmSwift: 4937e1b6f9b87bc25dc23883198807bf69e8cb76

PODFILE CHECKSUM: 9d9f473e4859ddac58458e9cc56556a31409f147

COCOAPODS: 1.11.2
